
Microsoft Visual Studio Solution File, Format Version 12.00
# Visual Studio Version 17
VisualStudioVersion = 17.5.33530.505
MinimumVisualStudioVersion = 10.0.40219.1
Project("{2150E333-8FDC-42A3-9474-1A3956D46DE8}") = "uke 34 minimal API", "uke 34 minimal API", "{9BC15AAC-5EB4-43C2-A015-D50A65D28359}"
EndProject
Project("{2150E333-8FDC-42A3-9474-1A3956D46DE8}") = "uke 35", "uke 35", "{54223795-C449-4B7B-A128-AB014863C78F}"
EndProject
Project("{9A19103F-16F7-4668-BE54-9A1E7A4F7556}") = "WorldGui", "Uke 34\WorldGui\WorldGui.csproj", "{F05DF346-3CEA-4F3A-A9C9-02DF2C82453F}"
EndProject
Project("{9A19103F-16F7-4668-BE54-9A1E7A4F7556}") = "WorldViewLibrary", "Uke 34\WorldViewLibrary\WorldViewLibrary.csproj", "{8A451E02-6516-4634-9721-C98DB1A3C7B0}"
EndProject
Project("{9A19103F-16F7-4668-BE54-9A1E7A4F7556}") = "WorldMinimalRESTapi", "Uke 34\WorldMinimalRESTapi\WorldMinimalRESTapi.csproj", "{58EACB70-DE8F-4B09-8A17-DFD7E935F6E4}"
EndProject
Project("{9A19103F-16F7-4668-BE54-9A1E7A4F7556}") = "PersonRESTApi", "Uke 35\PersonRESTApi\PersonRESTApi.csproj", "{FD67566F-99D2-4C96-81E4-057452DA746C}"
EndProject
Project("{9A19103F-16F7-4668-BE54-9A1E7A4F7556}") = "ExtensionMethodTester", "Uke 35\ExtensionMethodTester\ExtensionMethodTester.csproj", "{A736A572-1763-4B2D-AD62-E65C12D9F75B}"
EndProject
Project("{9A19103F-16F7-4668-BE54-9A1E7A4F7556}") = "ProductAPI", "Uke 35\ProductAPI\ProductAPI.csproj", "{2C33B44B-5381-4D43-9699-AB82FAE9ACAD}"
EndProject
Project("{2150E333-8FDC-42A3-9474-1A3956D46DE8}") = "Uke 38", "Uke 38", "{C3A77FDF-5FDA-4960-AE4E-69CDFAC88B7A}"
EndProject
Project("{9A19103F-16F7-4668-BE54-9A1E7A4F7556}") = "GaWebDownloadLibrary", "Uke 38 async await\GaWebDownloadLibrary\GaWebDownloadLibrary.csproj", "{7649970E-03F7-4615-BFC8-F67FF66AF5CC}"
EndProject
Project("{9A19103F-16F7-4668-BE54-9A1E7A4F7556}") = "AsyncAwaitConsoleTest", "Uke 38 async await\AsyncAwaitConsoleTest\AsyncAwaitConsoleTest.csproj", "{470B80BF-7A73-4E4B-801B-49006EE67530}"
EndProject
Project("{9A19103F-16F7-4668-BE54-9A1E7A4F7556}") = "AsyncAwaitWinFormTest", "Uke 38 async await\AsyncAwaitWinFormTest\AsyncAwaitWinFormTest.csproj", "{6CE1940E-2CC5-4267-BDB9-2C9A7FBE1F14}"
EndProject
Project("{2150E333-8FDC-42A3-9474-1A3956D46DE8}") = "uke 39", "uke 39", "{854535AB-D48B-4511-88EB-B7ACBDCF1051}"
EndProject
Project("{9A19103F-16F7-4668-BE54-9A1E7A4F7556}") = "StudentBloggAPI", "Uke 39\StudentBloggAPI\StudentBloggAPI.csproj", "{FF635D32-94DD-402B-8C27-9EDAEDC7E852}"
EndProject
Project("{2150E333-8FDC-42A3-9474-1A3956D46DE8}") = "uke 45 Tests", "uke 45 Tests", "{7213F6F5-1AE1-4A59-8190-D1DD4A9CB22D}"
EndProject
Project("{9A19103F-16F7-4668-BE54-9A1E7A4F7556}") = "StudentBloggAPI.UnitTests", "Tests\StudentBloggAPI.UnitTests\StudentBloggAPI.UnitTests.csproj", "{A8E8D158-F3BB-41F4-8D4D-299AB63BAD3F}"
EndProject
Project("{9A19103F-16F7-4668-BE54-9A1E7A4F7556}") = "StudentBloggAPI.IntergrationTests", "Tests\StudentBloggAPI.IntergrationTests\StudentBloggAPI.IntergrationTests.csproj", "{4B0FD291-2686-4D53-A272-B44F7FB9B83B}"
EndProject
Project("{2150E333-8FDC-42A3-9474-1A3956D46DE8}") = "Docker", "Docker", "{5B666273-711A-4E2B-9FE0-C2FFE42C2CE7}"
	ProjectSection(SolutionItems) = preProject
		.dockerignore = .dockerignore
		.env = .env
		docker-compose.yaml = docker-compose.yaml
	EndProjectSection
EndProject
Project("{2150E333-8FDC-42A3-9474-1A3956D46DE8}") = "MySQL", "MySQL", "{DFFC4B80-1090-4223-B85F-FA54BB8AE73F}"
	ProjectSection(SolutionItems) = preProject
		Docker\MySQL\Dockerfile = Docker\MySQL\Dockerfile
		Docker\MySQL\studentbloggapi.sql = Docker\MySQL\studentbloggapi.sql
		Docker\MySQL\user_privileges.sql = Docker\MySQL\user_privileges.sql
	EndProjectSection
EndProject
Project("{2150E333-8FDC-42A3-9474-1A3956D46DE8}") = "Nginx", "Nginx", "{226EB45D-50E5-437B-AE03-70B132314176}"
EndProject
Project("{2150E333-8FDC-42A3-9474-1A3956D46DE8}") = "IntergrationTests Docker", "IntergrationTests Docker", "{C253EEED-0BF8-4975-BC4F-0E80C0CEE915}"
EndProject
Project("{9A19103F-16F7-4668-BE54-9A1E7A4F7556}") = "StudentBloggAPI.IntegrationTestsDocker1", "Tests\StudentBloggAPI.IntegrationTestsDocker1\StudentBloggAPI.IntegrationTestsDocker1.csproj", "{C5A6D384-1D2D-462B-9730-FA6A45E838E9}"
EndProject
Project("{2150E333-8FDC-42A3-9474-1A3956D46DE8}") = "Benchmark", "Benchmark", "{4CCFC292-C115-4C2C-8BDC-2B4468DAB440}"
EndProject
Project("{FAE04EC0-301F-11D3-BF4B-00C04F79EFBC}") = "BenchmarkLoops", "BenchMarks\BenchmarkLoops\BenchmarkLoops.csproj", "{411D5097-8DA4-42F3-9BF4-D34B4E39F871}"
EndProject
Global
	GlobalSection(SolutionConfigurationPlatforms) = preSolution
		Debug|Any CPU = Debug|Any CPU
		Release|Any CPU = Release|Any CPU
	EndGlobalSection
	GlobalSection(ProjectConfigurationPlatforms) = postSolution
		{F05DF346-3CEA-4F3A-A9C9-02DF2C82453F}.Debug|Any CPU.ActiveCfg = Debug|Any CPU
		{F05DF346-3CEA-4F3A-A9C9-02DF2C82453F}.Debug|Any CPU.Build.0 = Debug|Any CPU
		{F05DF346-3CEA-4F3A-A9C9-02DF2C82453F}.Release|Any CPU.ActiveCfg = Release|Any CPU
		{F05DF346-3CEA-4F3A-A9C9-02DF2C82453F}.Release|Any CPU.Build.0 = Release|Any CPU
		{8A451E02-6516-4634-9721-C98DB1A3C7B0}.Debug|Any CPU.ActiveCfg = Debug|Any CPU
		{8A451E02-6516-4634-9721-C98DB1A3C7B0}.Debug|Any CPU.Build.0 = Debug|Any CPU
		{8A451E02-6516-4634-9721-C98DB1A3C7B0}.Release|Any CPU.ActiveCfg = Release|Any CPU
		{8A451E02-6516-4634-9721-C98DB1A3C7B0}.Release|Any CPU.Build.0 = Release|Any CPU
		{58EACB70-DE8F-4B09-8A17-DFD7E935F6E4}.Debug|Any CPU.ActiveCfg = Debug|Any CPU
		{58EACB70-DE8F-4B09-8A17-DFD7E935F6E4}.Debug|Any CPU.Build.0 = Debug|Any CPU
		{58EACB70-DE8F-4B09-8A17-DFD7E935F6E4}.Release|Any CPU.ActiveCfg = Release|Any CPU
		{58EACB70-DE8F-4B09-8A17-DFD7E935F6E4}.Release|Any CPU.Build.0 = Release|Any CPU
		{FD67566F-99D2-4C96-81E4-057452DA746C}.Debug|Any CPU.ActiveCfg = Debug|Any CPU
		{FD67566F-99D2-4C96-81E4-057452DA746C}.Debug|Any CPU.Build.0 = Debug|Any CPU
		{FD67566F-99D2-4C96-81E4-057452DA746C}.Release|Any CPU.ActiveCfg = Release|Any CPU
		{FD67566F-99D2-4C96-81E4-057452DA746C}.Release|Any CPU.Build.0 = Release|Any CPU
		{A736A572-1763-4B2D-AD62-E65C12D9F75B}.Debug|Any CPU.ActiveCfg = Debug|Any CPU
		{A736A572-1763-4B2D-AD62-E65C12D9F75B}.Debug|Any CPU.Build.0 = Debug|Any CPU
		{A736A572-1763-4B2D-AD62-E65C12D9F75B}.Release|Any CPU.ActiveCfg = Release|Any CPU
		{A736A572-1763-4B2D-AD62-E65C12D9F75B}.Release|Any CPU.Build.0 = Release|Any CPU
		{2C33B44B-5381-4D43-9699-AB82FAE9ACAD}.Debug|Any CPU.ActiveCfg = Debug|Any CPU
		{2C33B44B-5381-4D43-9699-AB82FAE9ACAD}.Debug|Any CPU.Build.0 = Debug|Any CPU
		{2C33B44B-5381-4D43-9699-AB82FAE9ACAD}.Release|Any CPU.ActiveCfg = Release|Any CPU
		{2C33B44B-5381-4D43-9699-AB82FAE9ACAD}.Release|Any CPU.Build.0 = Release|Any CPU
		{7649970E-03F7-4615-BFC8-F67FF66AF5CC}.Debug|Any CPU.ActiveCfg = Debug|Any CPU
		{7649970E-03F7-4615-BFC8-F67FF66AF5CC}.Debug|Any CPU.Build.0 = Debug|Any CPU
		{7649970E-03F7-4615-BFC8-F67FF66AF5CC}.Release|Any CPU.ActiveCfg = Release|Any CPU
		{7649970E-03F7-4615-BFC8-F67FF66AF5CC}.Release|Any CPU.Build.0 = Release|Any CPU
		{470B80BF-7A73-4E4B-801B-49006EE67530}.Debug|Any CPU.ActiveCfg = Debug|Any CPU
		{470B80BF-7A73-4E4B-801B-49006EE67530}.Debug|Any CPU.Build.0 = Debug|Any CPU
		{470B80BF-7A73-4E4B-801B-49006EE67530}.Release|Any CPU.ActiveCfg = Release|Any CPU
		{470B80BF-7A73-4E4B-801B-49006EE67530}.Release|Any CPU.Build.0 = Release|Any CPU
		{6CE1940E-2CC5-4267-BDB9-2C9A7FBE1F14}.Debug|Any CPU.ActiveCfg = Debug|Any CPU
		{6CE1940E-2CC5-4267-BDB9-2C9A7FBE1F14}.Debug|Any CPU.Build.0 = Debug|Any CPU
		{6CE1940E-2CC5-4267-BDB9-2C9A7FBE1F14}.Release|Any CPU.ActiveCfg = Release|Any CPU
		{6CE1940E-2CC5-4267-BDB9-2C9A7FBE1F14}.Release|Any CPU.Build.0 = Release|Any CPU
		{FF635D32-94DD-402B-8C27-9EDAEDC7E852}.Debug|Any CPU.ActiveCfg = Debug|Any CPU
		{FF635D32-94DD-402B-8C27-9EDAEDC7E852}.Debug|Any CPU.Build.0 = Debug|Any CPU
		{FF635D32-94DD-402B-8C27-9EDAEDC7E852}.Release|Any CPU.ActiveCfg = Release|Any CPU
		{FF635D32-94DD-402B-8C27-9EDAEDC7E852}.Release|Any CPU.Build.0 = Release|Any CPU
		{A8E8D158-F3BB-41F4-8D4D-299AB63BAD3F}.Debug|Any CPU.ActiveCfg = Debug|Any CPU
		{A8E8D158-F3BB-41F4-8D4D-299AB63BAD3F}.Debug|Any CPU.Build.0 = Debug|Any CPU
		{A8E8D158-F3BB-41F4-8D4D-299AB63BAD3F}.Release|Any CPU.ActiveCfg = Release|Any CPU
		{A8E8D158-F3BB-41F4-8D4D-299AB63BAD3F}.Release|Any CPU.Build.0 = Release|Any CPU
		{4B0FD291-2686-4D53-A272-B44F7FB9B83B}.Debug|Any CPU.ActiveCfg = Debug|Any CPU
		{4B0FD291-2686-4D53-A272-B44F7FB9B83B}.Debug|Any CPU.Build.0 = Debug|Any CPU
		{4B0FD291-2686-4D53-A272-B44F7FB9B83B}.Release|Any CPU.ActiveCfg = Release|Any CPU
		{4B0FD291-2686-4D53-A272-B44F7FB9B83B}.Release|Any CPU.Build.0 = Release|Any CPU
		{C5A6D384-1D2D-462B-9730-FA6A45E838E9}.Debug|Any CPU.ActiveCfg = Debug|Any CPU
		{C5A6D384-1D2D-462B-9730-FA6A45E838E9}.Debug|Any CPU.Build.0 = Debug|Any CPU
		{C5A6D384-1D2D-462B-9730-FA6A45E838E9}.Release|Any CPU.ActiveCfg = Release|Any CPU
		{C5A6D384-1D2D-462B-9730-FA6A45E838E9}.Release|Any CPU.Build.0 = Release|Any CPU
		{411D5097-8DA4-42F3-9BF4-D34B4E39F871}.Debug|Any CPU.ActiveCfg = Debug|Any CPU
		{411D5097-8DA4-42F3-9BF4-D34B4E39F871}.Debug|Any CPU.Build.0 = Debug|Any CPU
		{411D5097-8DA4-42F3-9BF4-D34B4E39F871}.Release|Any CPU.ActiveCfg = Release|Any CPU
		{411D5097-8DA4-42F3-9BF4-D34B4E39F871}.Release|Any CPU.Build.0 = Release|Any CPU
	EndGlobalSection
	GlobalSection(SolutionProperties) = preSolution
		HideSolutionNode = FALSE
	EndGlobalSection
	GlobalSection(NestedProjects) = preSolution
		{F05DF346-3CEA-4F3A-A9C9-02DF2C82453F} = {9BC15AAC-5EB4-43C2-A015-D50A65D28359}
		{8A451E02-6516-4634-9721-C98DB1A3C7B0} = {9BC15AAC-5EB4-43C2-A015-D50A65D28359}
		{58EACB70-DE8F-4B09-8A17-DFD7E935F6E4} = {9BC15AAC-5EB4-43C2-A015-D50A65D28359}
		{FD67566F-99D2-4C96-81E4-057452DA746C} = {54223795-C449-4B7B-A128-AB014863C78F}
		{A736A572-1763-4B2D-AD62-E65C12D9F75B} = {54223795-C449-4B7B-A128-AB014863C78F}
		{2C33B44B-5381-4D43-9699-AB82FAE9ACAD} = {54223795-C449-4B7B-A128-AB014863C78F}
		{7649970E-03F7-4615-BFC8-F67FF66AF5CC} = {C3A77FDF-5FDA-4960-AE4E-69CDFAC88B7A}
		{470B80BF-7A73-4E4B-801B-49006EE67530} = {C3A77FDF-5FDA-4960-AE4E-69CDFAC88B7A}
		{6CE1940E-2CC5-4267-BDB9-2C9A7FBE1F14} = {C3A77FDF-5FDA-4960-AE4E-69CDFAC88B7A}
		{FF635D32-94DD-402B-8C27-9EDAEDC7E852} = {854535AB-D48B-4511-88EB-B7ACBDCF1051}
		{7213F6F5-1AE1-4A59-8190-D1DD4A9CB22D} = {854535AB-D48B-4511-88EB-B7ACBDCF1051}
		{A8E8D158-F3BB-41F4-8D4D-299AB63BAD3F} = {7213F6F5-1AE1-4A59-8190-D1DD4A9CB22D}
		{4B0FD291-2686-4D53-A272-B44F7FB9B83B} = {7213F6F5-1AE1-4A59-8190-D1DD4A9CB22D}
		{DFFC4B80-1090-4223-B85F-FA54BB8AE73F} = {5B666273-711A-4E2B-9FE0-C2FFE42C2CE7}
		{226EB45D-50E5-437B-AE03-70B132314176} = {5B666273-711A-4E2B-9FE0-C2FFE42C2CE7}
		{C5A6D384-1D2D-462B-9730-FA6A45E838E9} = {C253EEED-0BF8-4975-BC4F-0E80C0CEE915}
		{411D5097-8DA4-42F3-9BF4-D34B4E39F871} = {4CCFC292-C115-4C2C-8BDC-2B4468DAB440}
	EndGlobalSection
	GlobalSection(ExtensibilityGlobals) = postSolution
		SolutionGuid = {1E192722-40AF-4B6D-82E0-F0677185285A}
	EndGlobalSection
EndGlobal
